# THIS IS AN AUTOGENERATED FILE. DO NOT EDIT THIS FILE DIRECTLY.
# yarn lockfile v1


vue-class-component@^7.0.1:
  version "7.0.2"
  resolved "https://registry.yarnpkg.com/vue-class-component/-/vue-class-component-7.0.2.tgz#c5f35a91c0e9341532392b84d606a84911fb13bc"
  integrity sha512-8xw/wkZI2tgHcwvkSRC1ax7GeP1CG27wKhedvOAdjdASm05VU4RijGsCYti6s6CzBioBL5BQUmntQQTCsp1wnQ==

vue-property-decorator@^8.1.0:
  version "8.1.0"
  resolved "https://registry.yarnpkg.com/vue-property-decorator/-/vue-property-decorator-8.1.0.tgz#66493a5350e7f643e852e7698ec2c883554daa79"
  integrity sha512-TUWpbadApSW/sx9hlbrUq092ULm4E3RkL5X4fFhkiJ88/Y99lVubjh3bd3VbFQ8JRlKaTeqMOKaFHQRzWBCFPg==
  dependencies:
    vue-class-component "^7.0.1"

vue@^2.6.10:
  version "2.6.10"
  resolved "https://registry.yarnpkg.com/vue/-/vue-2.6.10.tgz#a72b1a42a4d82a721ea438d1b6bf55e66195c637"
  integrity sha512-ImThpeNU9HbdZL3utgMCq0oiMzAkt1mcgy3/E6zWC/G6AaQoeuFdsl9nDhTDU3X1R6FK7nsIUuRACVcjI+A2GQ==
